
Microsoft Visual Studio Solution File, Format Version 12.00
# Visual Studio 15
VisualStudioVersion = 15.0.28307.329
MinimumVisualStudioVersion = 10.0.40219.1
Project("{FAE04EC0-301F-11D3-BF4B-00C04F79EFBC}") = "JwtWithoutIdentity.Api", "JwtWithoutIdentity.Api\JwtWithoutIdentity.Api.csproj", "{1A585301-2712-473F-8216-3E06B0CBA688}"
EndProject
Global
	GlobalSection(SolutionConfigurationPlatforms) = preSolution
		Debug|Any CPU = Debug|Any CPU
		Release|Any CPU = Release|Any CPU
	EndGlobalSection
	GlobalSection(ProjectConfigurationPlatforms) = postSolution
		{1A585301-2712-473F-8216-3E06B0CBA688}.Debug|Any CPU.ActiveCfg = Debug|Any CPU
		{1A585301-2712-473F-8216-3E06B0CBA688}.Debug|Any CPU.Build.0 = Debug|Any CPU
		{1A585301-2712-473F-8216-3E06B0CBA688}.Release|Any CPU.ActiveCfg = Release|Any CPU
		{1A585301-2712-473F-8216-3E06B0CBA688}.Release|Any CPU.Build.0 = Release|Any CPU
	EndGlobalSection
	GlobalSection(SolutionProperties) = preSolution
		HideSolutionNode = FALSE
	EndGlobalSection
	GlobalSection(ExtensibilityGlobals) = postSolution
		SolutionGuid = {716954F6-83B7-4978-BECE-512E42504996}
	EndGlobalSection
EndGlobal
